
Microsoft Visual Studio Solution File, Format Version 12.00
# Visual Studio 15
VisualStudioVersion = 15.0.27703.2035
MinimumVisualStudioVersion = 10.0.40219.1
Project("{8BC9CEB8-8B4A-11D0-8D11-00A0C91BC942}") = "Huffman code 1", "Huffman code 1\Huffman code 1.vcxproj", "{6EC004EB-4C11-4320-912F-623BF8EDCCCF}"
EndProject
Global
	GlobalSection(SolutionConfigurationPlatforms) = preSolution
		Debug|x64 = Debug|x64
		Debug|x86 = Debug|x86
		Release|x64 = Release|x64
		Release|x86 = Release|x86
	EndGlobalSection
	GlobalSection(ProjectConfigurationPlatforms) = postSolution
		{6EC004EB-4C11-4320-912F-623BF8EDCCCF}.Debug|x64.ActiveCfg = Debug|x64
		{6EC004EB-4C11-4320-912F-623BF8EDCCCF}.Debug|x64.Build.0 = Debug|x64
		{6EC004EB-4C11-4320-912F-623BF8EDCCCF}.Debug|x86.ActiveCfg = Debug|Win32
		{6EC004EB-4C11-4320-912F-623BF8EDCCCF}.Debug|x86.Build.0 = Debug|Win32
		{6EC004EB-4C11-4320-912F-623BF8EDCCCF}.Release|x64.ActiveCfg = Release|x64
		{6EC004EB-4C11-4320-912F-623BF8EDCCCF}.Release|x64.Build.0 = Release|x64
		{6EC004EB-4C11-4320-912F-623BF8EDCCCF}.Release|x86.ActiveCfg = Release|Win32
		{6EC004EB-4C11-4320-912F-623BF8EDCCCF}.Release|x86.Build.0 = Release|Win32
	EndGlobalSection
	GlobalSection(SolutionProperties) = preSolution
		HideSolutionNode = FALSE
	EndGlobalSection
	GlobalSection(ExtensibilityGlobals) = postSolution
		SolutionGuid = {6764624C-5073-4D1F-8BA5-6232DD7E845B}
	EndGlobalSection
EndGlobal
